
Microsoft Visual Studio Solution File, Format Version 12.00
# Visual Studio 15
VisualStudioVersion = 15.0.28307.572
MinimumVisualStudioVersion = 10.0.40219.1
Project("{8BC9CEB8-8B4A-11D0-8D11-00A0C91BC942}") = "Spaceman", "Spaceman\Spaceman.vcxproj", "{82FAF736-14B8-423E-A551-8F62BD2753FE}"
EndProject
Global
	GlobalSection(SolutionConfigurationPlatforms) = preSolution
		Debug|x64 = Debug|x64
		Debug|x86 = Debug|x86
		Release|x64 = Release|x64
		Release|x86 = Release|x86
	EndGlobalSection
	GlobalSection(ProjectConfigurationPlatforms) = postSolution
		{82FAF736-14B8-423E-A551-8F62BD2753FE}.Debug|x64.ActiveCfg = Debug|x64
		{82FAF736-14B8-423E-A551-8F62BD2753FE}.Debug|x64.Build.0 = Debug|x64
		{82FAF736-14B8-423E-A551-8F62BD2753FE}.Debug|x86.ActiveCfg = Debug|Win32
		{82FAF736-14B8-423E-A551-8F62BD2753FE}.Debug|x86.Build.0 = Debug|Win32
		{82FAF736-14B8-423E-A551-8F62BD2753FE}.Release|x64.ActiveCfg = Release|x64
		{82FAF736-14B8-423E-A551-8F62BD2753FE}.Release|x64.Build.0 = Release|x64
		{82FAF736-14B8-423E-A551-8F62BD2753FE}.Release|x86.ActiveCfg = Release|Win32
		{82FAF736-14B8-423E-A551-8F62BD2753FE}.Release|x86.Build.0 = Release|Win32
	EndGlobalSection
	GlobalSection(SolutionProperties) = preSolution
		HideSolutionNode = FALSE
	EndGlobalSection
	GlobalSection(ExtensibilityGlobals) = postSolution
		SolutionGuid = {00959728-B23F-447D-B54C-3C0AF24F255C}
	EndGlobalSection
EndGlobal
